{
  "name": "app",
  "version": "1.0.0",
  "lockfileVersion": 1,
  "requires": true,
  "dependencies": {
    "tdesign-miniprogram": {
      "version": "1.11.0",
      "resolved": "https://registry.npmmirror.com/tdesign-miniprogram/-/tdesign-miniprogram-1.11.0.tgz",
      "integrity": "sha512-1Siv2HVrSVlFiQBQXEjBrCvvsC3NQUsGgiej2RDXOxXHAPH2nynLhJhK+wu+KptzXi5GV+XYr+PHV2Je8vgW3w=="
    }
  }
}
